
Microsoft Visual Studio Solution File, Format Version 12.00
# Visual Studio Version 17
VisualStudioVersion = 17.3.32811.315
MinimumVisualStudioVersion = 10.0.40219.1
Project("{FAE04EC0-301F-11D3-BF4B-00C04F79EFBC}") = "WB", "WB\WB.csproj", "{51F5894A-00C4-4933-B19C-F2A888FEF00D}"
EndProject
Global
	GlobalSection(SolutionConfigurationPlatforms) = preSolution
		Debug|Any CPU = Debug|Any CPU
		Release|Any CPU = Release|Any CPU
	EndGlobalSection
	GlobalSection(ProjectConfigurationPlatforms) = postSolution
		{51F5894A-00C4-4933-B19C-F2A888FEF00D}.Debug|Any CPU.ActiveCfg = Debug|Any CPU
		{51F5894A-00C4-4933-B19C-F2A888FEF00D}.Debug|Any CPU.Build.0 = Debug|Any CPU
		{51F5894A-00C4-4933-B19C-F2A888FEF00D}.Release|Any CPU.ActiveCfg = Release|Any CPU
		{51F5894A-00C4-4933-B19C-F2A888FEF00D}.Release|Any CPU.Build.0 = Release|Any CPU
	EndGlobalSection
	GlobalSection(SolutionProperties) = preSolution
		HideSolutionNode = FALSE
	EndGlobalSection
	GlobalSection(ExtensibilityGlobals) = postSolution
		SolutionGuid = {282812D5-88CA-4381-9B00-A3AAAD4C4D01}
	EndGlobalSection
EndGlobal
